
Microsoft Visual Studio Solution File, Format Version 12.00
# Visual Studio Version 17
VisualStudioVersion = 17.8.34525.116
MinimumVisualStudioVersion = 10.0.40219.1
Project("{FAE04EC0-301F-11D3-BF4B-00C04F79EFBC}") = "MinWebApi", "MinWebApi\MinWebApi.csproj", "{4E34B8E0-225D-439C-99B1-4269CAFFB931}"
EndProject
Global
	GlobalSection(SolutionConfigurationPlatforms) = preSolution
		Debug|Any CPU = Debug|Any CPU
		Release|Any CPU = Release|Any CPU
	EndGlobalSection
	GlobalSection(ProjectConfigurationPlatforms) = postSolution
		{4E34B8E0-225D-439C-99B1-4269CAFFB931}.Debug|Any CPU.ActiveCfg = Debug|Any CPU
		{4E34B8E0-225D-439C-99B1-4269CAFFB931}.Debug|Any CPU.Build.0 = Debug|Any CPU
		{4E34B8E0-225D-439C-99B1-4269CAFFB931}.Release|Any CPU.ActiveCfg = Release|Any CPU
		{4E34B8E0-225D-439C-99B1-4269CAFFB931}.Release|Any CPU.Build.0 = Release|Any CPU
	EndGlobalSection
	GlobalSection(SolutionProperties) = preSolution
		HideSolutionNode = FALSE
	EndGlobalSection
	GlobalSection(ExtensibilityGlobals) = postSolution
		SolutionGuid = {CA72786D-4A89-4A40-BFC6-62BE694409FB}
	EndGlobalSection
EndGlobal
